<Solution>
  <Project Path="DuolingoApp/DuolingoApp.csproj" Id="1c96711b-a89b-455b-a87c-30200afd175a" />
  <Project Path="JvfgchamSharepointDesktop/JvfgchamSharepointDesktop.csproj" />
  <Project Path="LichessDesktop/LichessDesktop.csproj" />
  <Project Path="SchuleInfoportal1Desktop/SchuleInfoportal1Desktop.csproj" />
</Solution>
